
Microsoft Visual Studio Solution File, Format Version 12.00
# Visual Studio Version 17
VisualStudioVersion = 17.4.33122.133
MinimumVisualStudioVersion = 10.0.40219.1
Project("{9A19103F-16F7-4668-BE54-9A1E7A4F7556}") = "DataAccessWebApi", "DataAccessWebApi\DataAccessWebApi.csproj", "{6F2D5C31-61FC-4CBD-A40B-99E168C13F43}"
EndProject
Project("{2150E333-8FDC-42A3-9474-1A3956D46DE8}") = "Services", "Services", "{351B4F82-A0DD-4CDF-8B90-AB68F2055C98}"
EndProject
Project("{2150E333-8FDC-42A3-9474-1A3956D46DE8}") = "Api", "Api", "{8DA3B187-403B-4FBE-934F-6F08886432E1}"
EndProject
Project("{9A19103F-16F7-4668-BE54-9A1E7A4F7556}") = "Services.SumOfEverySecondOddNumber", "Services.SumOfEverySecondOddNumber\Services.SumOfEverySecondOddNumber.csproj", "{27249875-77A2-4180-988E-193F7336B4F7}"
EndProject
Project("{9A19103F-16F7-4668-BE54-9A1E7A4F7556}") = "Services.Palindrome", "Services.Palindrome\Services.Palindrome.csproj", "{372808E9-15DE-4811-94A0-3597049A4035}"
EndProject
Project("{9A19103F-16F7-4668-BE54-9A1E7A4F7556}") = "Services.SortNumbers", "Services.SortNumbers\Services.SortNumbers.csproj", "{BE30E1CB-9021-4694-871D-2D44D697B832}"
EndProject
Project("{2150E333-8FDC-42A3-9474-1A3956D46DE8}") = "Web", "Web", "{77C4CF60-7657-4453-B101-D52AF677D8C3}"
EndProject
Project("{9A19103F-16F7-4668-BE54-9A1E7A4F7556}") = "ResultRazorWeb", "ResultRazorWeb\ResultRazorWeb.csproj", "{E214E9D7-2B22-49AD-9D3E-4348BC4EEE5D}"
EndProject
Project("{E53339B2-1760-4266-BCC7-CA923CBCF16C}") = "docker-compose", "docker-compose.dcproj", "{78CB9CC6-435D-401B-AD11-C26736097EB7}"
EndProject
Global
	GlobalSection(SolutionConfigurationPlatforms) = preSolution
		Debug|Any CPU = Debug|Any CPU
		Release|Any CPU = Release|Any CPU
	EndGlobalSection
	GlobalSection(ProjectConfigurationPlatforms) = postSolution
		{6F2D5C31-61FC-4CBD-A40B-99E168C13F43}.Debug|Any CPU.ActiveCfg = Debug|Any CPU
		{6F2D5C31-61FC-4CBD-A40B-99E168C13F43}.Debug|Any CPU.Build.0 = Debug|Any CPU
		{6F2D5C31-61FC-4CBD-A40B-99E168C13F43}.Release|Any CPU.ActiveCfg = Release|Any CPU
		{6F2D5C31-61FC-4CBD-A40B-99E168C13F43}.Release|Any CPU.Build.0 = Release|Any CPU
		{27249875-77A2-4180-988E-193F7336B4F7}.Debug|Any CPU.ActiveCfg = Debug|Any CPU
		{27249875-77A2-4180-988E-193F7336B4F7}.Debug|Any CPU.Build.0 = Debug|Any CPU
		{27249875-77A2-4180-988E-193F7336B4F7}.Release|Any CPU.ActiveCfg = Release|Any CPU
		{27249875-77A2-4180-988E-193F7336B4F7}.Release|Any CPU.Build.0 = Release|Any CPU
		{372808E9-15DE-4811-94A0-3597049A4035}.Debug|Any CPU.ActiveCfg = Debug|Any CPU
		{372808E9-15DE-4811-94A0-3597049A4035}.Debug|Any CPU.Build.0 = Debug|Any CPU
		{372808E9-15DE-4811-94A0-3597049A4035}.Release|Any CPU.ActiveCfg = Release|Any CPU
		{372808E9-15DE-4811-94A0-3597049A4035}.Release|Any CPU.Build.0 = Release|Any CPU
		{BE30E1CB-9021-4694-871D-2D44D697B832}.Debug|Any CPU.ActiveCfg = Debug|Any CPU
		{BE30E1CB-9021-4694-871D-2D44D697B832}.Debug|Any CPU.Build.0 = Debug|Any CPU
		{BE30E1CB-9021-4694-871D-2D44D697B832}.Release|Any CPU.ActiveCfg = Release|Any CPU
		{BE30E1CB-9021-4694-871D-2D44D697B832}.Release|Any CPU.Build.0 = Release|Any CPU
		{E214E9D7-2B22-49AD-9D3E-4348BC4EEE5D}.Debug|Any CPU.ActiveCfg = Debug|Any CPU
		{E214E9D7-2B22-49AD-9D3E-4348BC4EEE5D}.Debug|Any CPU.Build.0 = Debug|Any CPU
		{E214E9D7-2B22-49AD-9D3E-4348BC4EEE5D}.Release|Any CPU.ActiveCfg = Release|Any CPU
		{E214E9D7-2B22-49AD-9D3E-4348BC4EEE5D}.Release|Any CPU.Build.0 = Release|Any CPU
		{78CB9CC6-435D-401B-AD11-C26736097EB7}.Debug|Any CPU.ActiveCfg = Debug|Any CPU
		{78CB9CC6-435D-401B-AD11-C26736097EB7}.Debug|Any CPU.Build.0 = Debug|Any CPU
		{78CB9CC6-435D-401B-AD11-C26736097EB7}.Release|Any CPU.ActiveCfg = Release|Any CPU
		{78CB9CC6-435D-401B-AD11-C26736097EB7}.Release|Any CPU.Build.0 = Release|Any CPU
	EndGlobalSection
	GlobalSection(SolutionProperties) = preSolution
		HideSolutionNode = FALSE
	EndGlobalSection
	GlobalSection(NestedProjects) = preSolution
		{6F2D5C31-61FC-4CBD-A40B-99E168C13F43} = {8DA3B187-403B-4FBE-934F-6F08886432E1}
		{27249875-77A2-4180-988E-193F7336B4F7} = {351B4F82-A0DD-4CDF-8B90-AB68F2055C98}
		{372808E9-15DE-4811-94A0-3597049A4035} = {351B4F82-A0DD-4CDF-8B90-AB68F2055C98}
		{BE30E1CB-9021-4694-871D-2D44D697B832} = {351B4F82-A0DD-4CDF-8B90-AB68F2055C98}
		{E214E9D7-2B22-49AD-9D3E-4348BC4EEE5D} = {77C4CF60-7657-4453-B101-D52AF677D8C3}
	EndGlobalSection
	GlobalSection(ExtensibilityGlobals) = postSolution
		SolutionGuid = {DAAFA1FE-CBDE-4DB0-833B-FC8E81A34D78}
	EndGlobalSection
EndGlobal
